
Microsoft Visual Studio Solution File, Format Version 12.00
# Visual Studio Version 17
VisualStudioVersion = 17.12.35209.166
MinimumVisualStudioVersion = 10.0.40219.1
Project("{8BC9CEB8-8B4A-11D0-8D11-00A0C91BC942}") = "SfmlGameEngine", "SfmlGameEngine\SfmlGameEngine.vcxproj", "{32C9D543-8B7D-4A75-A4A1-0245AA62D0AF}"
EndProject
Project("{2150E333-8FDC-42A3-9474-1A3956D46DE8}") = "Samples", "Samples", "{82DEA591-1C5B-41C4-BCC6-AD477D90E7D0}"
EndProject
Project("{8BC9CEB8-8B4A-11D0-8D11-00A0C91BC942}") = "Hello", "Hello\Hello.vcxproj", "{72DDA05B-5C8D-4E90-BFF5-47C2F8F8DBC5}"
EndProject
Project("{8BC9CEB8-8B4A-11D0-8D11-00A0C91BC942}") = "Minesweeper", "Minesweeper\Minesweeper.vcxproj", "{1A1E7A5D-1CE0-4B61-8A00-D7A47B038B64}"
EndProject
Global
	GlobalSection(SolutionConfigurationPlatforms) = preSolution
		Debug|x64 = Debug|x64
		Debug|x86 = Debug|x86
		Release|x64 = Release|x64
		Release|x86 = Release|x86
	EndGlobalSection
	GlobalSection(ProjectConfigurationPlatforms) = postSolution
		{32C9D543-8B7D-4A75-A4A1-0245AA62D0AF}.Debug|x64.ActiveCfg = Debug|x64
		{32C9D543-8B7D-4A75-A4A1-0245AA62D0AF}.Debug|x64.Build.0 = Debug|x64
		{32C9D543-8B7D-4A75-A4A1-0245AA62D0AF}.Debug|x86.ActiveCfg = Debug|Win32
		{32C9D543-8B7D-4A75-A4A1-0245AA62D0AF}.Debug|x86.Build.0 = Debug|Win32
		{32C9D543-8B7D-4A75-A4A1-0245AA62D0AF}.Release|x64.ActiveCfg = Release|x64
		{32C9D543-8B7D-4A75-A4A1-0245AA62D0AF}.Release|x64.Build.0 = Release|x64
		{32C9D543-8B7D-4A75-A4A1-0245AA62D0AF}.Release|x86.ActiveCfg = Release|Win32
		{32C9D543-8B7D-4A75-A4A1-0245AA62D0AF}.Release|x86.Build.0 = Release|Win32
		{72DDA05B-5C8D-4E90-BFF5-47C2F8F8DBC5}.Debug|x64.ActiveCfg = Debug|x64
		{72DDA05B-5C8D-4E90-BFF5-47C2F8F8DBC5}.Debug|x64.Build.0 = Debug|x64
		{72DDA05B-5C8D-4E90-BFF5-47C2F8F8DBC5}.Debug|x86.ActiveCfg = Debug|Win32
		{72DDA05B-5C8D-4E90-BFF5-47C2F8F8DBC5}.Debug|x86.Build.0 = Debug|Win32
		{72DDA05B-5C8D-4E90-BFF5-47C2F8F8DBC5}.Release|x64.ActiveCfg = Release|x64
		{72DDA05B-5C8D-4E90-BFF5-47C2F8F8DBC5}.Release|x64.Build.0 = Release|x64
		{72DDA05B-5C8D-4E90-BFF5-47C2F8F8DBC5}.Release|x86.ActiveCfg = Release|Win32
		{72DDA05B-5C8D-4E90-BFF5-47C2F8F8DBC5}.Release|x86.Build.0 = Release|Win32
		{1A1E7A5D-1CE0-4B61-8A00-D7A47B038B64}.Debug|x64.ActiveCfg = Debug|x64
		{1A1E7A5D-1CE0-4B61-8A00-D7A47B038B64}.Debug|x64.Build.0 = Debug|x64
		{1A1E7A5D-1CE0-4B61-8A00-D7A47B038B64}.Debug|x86.ActiveCfg = Debug|Win32
		{1A1E7A5D-1CE0-4B61-8A00-D7A47B038B64}.Debug|x86.Build.0 = Debug|Win32
		{1A1E7A5D-1CE0-4B61-8A00-D7A47B038B64}.Release|x64.ActiveCfg = Release|x64
		{1A1E7A5D-1CE0-4B61-8A00-D7A47B038B64}.Release|x64.Build.0 = Release|x64
		{1A1E7A5D-1CE0-4B61-8A00-D7A47B038B64}.Release|x86.ActiveCfg = Release|Win32
		{1A1E7A5D-1CE0-4B61-8A00-D7A47B038B64}.Release|x86.Build.0 = Release|Win32
	EndGlobalSection
	GlobalSection(SolutionProperties) = preSolution
		HideSolutionNode = FALSE
	EndGlobalSection
	GlobalSection(NestedProjects) = preSolution
		{72DDA05B-5C8D-4E90-BFF5-47C2F8F8DBC5} = {82DEA591-1C5B-41C4-BCC6-AD477D90E7D0}
		{1A1E7A5D-1CE0-4B61-8A00-D7A47B038B64} = {82DEA591-1C5B-41C4-BCC6-AD477D90E7D0}
	EndGlobalSection
	GlobalSection(ExtensibilityGlobals) = postSolution
		SolutionGuid = {5D79377A-2E85-4CED-8A01-E8790E490E17}
	EndGlobalSection
EndGlobal
